
Microsoft Visual Studio Solution File, Format Version 12.00
# Visual Studio Version 17
VisualStudioVersion = 17.7.34024.191
MinimumVisualStudioVersion = 10.0.40219.1
Project("{FAE04EC0-301F-11D3-BF4B-00C04F79EFBC}") = "AuctionsApp", "AuctionsApp\AuctionsApp.csproj", "{D78E00CD-3D39-4F43-8A93-57BF8F8D86F7}"
EndProject
Project("{FAE04EC0-301F-11D3-BF4B-00C04F79EFBC}") = "Auctions.Domain", "Auctions.Domain\Auctions.Domain.csproj", "{C3B3836F-7555-422E-A7D2-CF1C2B3E33EC}"
EndProject
Project("{FAE04EC0-301F-11D3-BF4B-00C04F79EFBC}") = "Auctions.Application", "Auctions.Application\Auctions.Application.csproj", "{37403E32-F380-439C-9604-BBE613506AD2}"
EndProject
Project("{FAE04EC0-301F-11D3-BF4B-00C04F79EFBC}") = "Auctions.Infrastructure", "Auctions.Infrastructure\Auctions.Infrastructure.csproj", "{6320FBC1-5A24-4B1F-8473-117CFE40468C}"
EndProject
Project("{FAE04EC0-301F-11D3-BF4B-00C04F79EFBC}") = "Auctions.Database", "Auctions.Database\Auctions.Database.csproj", "{60B0F548-8AC2-4839-80B0-A40C91376E60}"
EndProject
Global
	GlobalSection(SolutionConfigurationPlatforms) = preSolution
		Debug|Any CPU = Debug|Any CPU
		Release|Any CPU = Release|Any CPU
	EndGlobalSection
	GlobalSection(ProjectConfigurationPlatforms) = postSolution
		{D78E00CD-3D39-4F43-8A93-57BF8F8D86F7}.Debug|Any CPU.ActiveCfg = Debug|Any CPU
		{D78E00CD-3D39-4F43-8A93-57BF8F8D86F7}.Debug|Any CPU.Build.0 = Debug|Any CPU
		{D78E00CD-3D39-4F43-8A93-57BF8F8D86F7}.Release|Any CPU.ActiveCfg = Release|Any CPU
		{D78E00CD-3D39-4F43-8A93-57BF8F8D86F7}.Release|Any CPU.Build.0 = Release|Any CPU
		{C3B3836F-7555-422E-A7D2-CF1C2B3E33EC}.Debug|Any CPU.ActiveCfg = Debug|Any CPU
		{C3B3836F-7555-422E-A7D2-CF1C2B3E33EC}.Debug|Any CPU.Build.0 = Debug|Any CPU
		{C3B3836F-7555-422E-A7D2-CF1C2B3E33EC}.Release|Any CPU.ActiveCfg = Release|Any CPU
		{C3B3836F-7555-422E-A7D2-CF1C2B3E33EC}.Release|Any CPU.Build.0 = Release|Any CPU
		{37403E32-F380-439C-9604-BBE613506AD2}.Debug|Any CPU.ActiveCfg = Debug|Any CPU
		{37403E32-F380-439C-9604-BBE613506AD2}.Debug|Any CPU.Build.0 = Debug|Any CPU
		{37403E32-F380-439C-9604-BBE613506AD2}.Release|Any CPU.ActiveCfg = Release|Any CPU
		{37403E32-F380-439C-9604-BBE613506AD2}.Release|Any CPU.Build.0 = Release|Any CPU
		{6320FBC1-5A24-4B1F-8473-117CFE40468C}.Debug|Any CPU.ActiveCfg = Debug|Any CPU
		{6320FBC1-5A24-4B1F-8473-117CFE40468C}.Debug|Any CPU.Build.0 = Debug|Any CPU
		{6320FBC1-5A24-4B1F-8473-117CFE40468C}.Release|Any CPU.ActiveCfg = Release|Any CPU
		{6320FBC1-5A24-4B1F-8473-117CFE40468C}.Release|Any CPU.Build.0 = Release|Any CPU
		{60B0F548-8AC2-4839-80B0-A40C91376E60}.Debug|Any CPU.ActiveCfg = Debug|Any CPU
		{60B0F548-8AC2-4839-80B0-A40C91376E60}.Debug|Any CPU.Build.0 = Debug|Any CPU
		{60B0F548-8AC2-4839-80B0-A40C91376E60}.Release|Any CPU.ActiveCfg = Release|Any CPU
		{60B0F548-8AC2-4839-80B0-A40C91376E60}.Release|Any CPU.Build.0 = Release|Any CPU
	EndGlobalSection
	GlobalSection(SolutionProperties) = preSolution
		HideSolutionNode = FALSE
	EndGlobalSection
	GlobalSection(ExtensibilityGlobals) = postSolution
		SolutionGuid = {A5B58C8F-D852-4F75-87B7-35765061C90B}
	EndGlobalSection
EndGlobal
